Microsoft Visual Studio Solution File, Format Version 12.00
# Visual Studio Version 17
VisualStudioVersion = 17.0.31903.59
MinimumVisualStudioVersion = 10.0.40219.1
Project("{FAE04EC0-301F-11D3-BF4B-00C04F79EFBC}") = "Backend", "Backend\Backend.csproj", "{CC89FED2-D3F9-4A8D-B12A-AD13FA4677C5}"
EndProject
Project("{FAE04EC0-301F-11D3-BF4B-00C04F79EFBC}") = "Backend.Tests", "Backend.Tests\Backend.Tests.csproj", "{CCE5056A-15A2-42A5-822A-214CF2C7B1E9}"
EndProject
Project("{2150E333-8FDC-42A3-9474-1A3956D46DE8}") = "Db", "Db", "{240D54FD-C2A2-AACB-CAA5-CE0B0FF793FF}"
	ProjectSection(SolutionItems) = preProject
		Db\Create-Sqlite.sql = Db\Create-Sqlite.sql
		Db\Create-SqlServer.sql = Db\Create-SqlServer.sql
		Db\Init.sql = Db\Init.sql
	EndProjectSection
EndProject
Project("{2150E333-8FDC-42A3-9474-1A3956D46DE8}") = "Frontend", "Frontend", "{CE609670-85B9-0D16-FB54-ED063D5D8A6D}"
	ProjectSection(SolutionItems) = preProject
		Frontend\package.json = Frontend\package.json
		Frontend\Dockerfile = Frontend\Dockerfile
		Frontend\nginx.conf = Frontend\nginx.conf
		Frontend\next.config.js = Frontend\next.config.js
	EndProjectSection
EndProject
Project("{2150E333-8FDC-42A3-9474-1A3956D46DE8}") = "public", "public", "{527D5226-F8A7-0BC6-A2BD-D8FFFC6D9DE8}"
	ProjectSection(SolutionItems) = preProject
		Frontend\public\site.webmanifest = Frontend\public\site.webmanifest
		Frontend\public\robots.txt = Frontend\public\robots.txt
		Frontend\public\sitemap.xml = Frontend\public\sitemap.xml
	EndProjectSection
EndProject
Project("{2150E333-8FDC-42A3-9474-1A3956D46DE8}") = "img", "img", "{9D57A4F1-8CAA-7E72-5CD5-B59A3A5D9243}"
	ProjectSection(SolutionItems) = preProject
		Frontend\public\img\favicon.ico = Frontend\public\img\favicon.ico
		Frontend\public\img\android-chrome-192x192.png = Frontend\public\img\android-chrome-192x192.png
		Frontend\public\img\android-chrome-512x512.png = Frontend\public\img\android-chrome-512x512.png
		Frontend\public\img\apple-touch-icon.png = Frontend\public\img\apple-touch-icon.png
		Frontend\public\img\favicon-16x16.png = Frontend\public\img\favicon-16x16.png
		Frontend\public\img\favicon-32x32.png = Frontend\public\img\favicon-32x32.png
	EndProjectSection
EndProject
Project("{2150E333-8FDC-42A3-9474-1A3956D46DE8}") = "src", "src", "{E40BF17A-E631-09D5-7889-66BEE0F9AB0F}"
	ProjectSection(SolutionItems) = preProject
		Frontend\src\setupTests.js = Frontend\src\setupTests.js
	EndProjectSection
EndProject
Project("{2150E333-8FDC-42A3-9474-1A3956D46DE8}") = "app", "app", "{473DBFEA-15FA-F0EA-F5D5-A40580B99B2C}"
	ProjectSection(SolutionItems) = preProject
		Frontend\src\app\layout.js = Frontend\src\app\layout.js
		Frontend\src\app\page.js = Frontend\src\app\page.js
		Frontend\src\app\global.css = Frontend\src\app\global.css
		Frontend\src\app\layout.css = Frontend\src\app\layout.css
		Frontend\src\app\home.test.js = Frontend\src\app\home.test.js
		Frontend\src\app\not-found.css = Frontend\src\app\not-found.css
		Frontend\src\app\not-found.js = Frontend\src\app\not-found.js
		Frontend\src\app\not-found.test.js = Frontend\src\app\not-found.test.js
	EndProjectSection
EndProject
Project("{2150E333-8FDC-42A3-9474-1A3956D46DE8}") = "login", "login", "{7F4E7B0B-D091-1114-8370-3B0E13EF6E7B}"
	ProjectSection(SolutionItems) = preProject
		Frontend\src\app\login\login.css = Frontend\src\app\login\login.css
		Frontend\src\app\login\page.js = Frontend\src\app\login\page.js
		Frontend\src\app\login\login.test.js = Frontend\src\app\login\login.test.js
	EndProjectSection
EndProject
Project("{2150E333-8FDC-42A3-9474-1A3956D46DE8}") = "lib", "lib", "{604EB281-7C31-2CC7-954C-96AC0DDB80EA}"
	ProjectSection(SolutionItems) = preProject
		Frontend\src\lib\config.js = Frontend\src\lib\config.js
		Frontend\src\lib\http.js = Frontend\src\lib\http.js
		Frontend\src\lib\utils.js = Frontend\src\lib\utils.js
		Frontend\src\lib\http.test.js = Frontend\src\lib\http.test.js
	EndProjectSection
EndProject
Project("{2150E333-8FDC-42A3-9474-1A3956D46DE8}") = "components", "components", "{E23087C1-201B-93A3-93E6-98D4B96EDAE9}"
EndProject
Project("{2150E333-8FDC-42A3-9474-1A3956D46DE8}") = "css", "css", "{9159222C-0952-798F-CDA3-0CD0071FCC11}"
	ProjectSection(SolutionItems) = preProject
		Frontend\public\css\bootstrap.min.css = Frontend\public\css\bootstrap.min.css
	EndProjectSection
EndProject
Project("{2150E333-8FDC-42A3-9474-1A3956D46DE8}") = "footer", "footer", "{E465D6D2-C885-0635-1610-27E66DD8F990}"
	ProjectSection(SolutionItems) = preProject
		Frontend\src\components\footer\footer.css = Frontend\src\components\footer\footer.css
		Frontend\src\components\footer\footer.js = Frontend\src\components\footer\footer.js
		Frontend\src\components\footer\footer.test.js = Frontend\src\components\footer\footer.test.js
	EndProjectSection
EndProject
Project("{2150E333-8FDC-42A3-9474-1A3956D46DE8}") = "admin", "admin", "{278C497F-0FCF-5827-A6A4-63674E57A7DE}"
	ProjectSection(SolutionItems) = preProject
		Frontend\src\app\admin\page.js = Frontend\src\app\admin\page.js
		Frontend\src\app\admin\admin.test.js = Frontend\src\app\admin\admin.test.js
	EndProjectSection
EndProject
Project("{2150E333-8FDC-42A3-9474-1A3956D46DE8}") = "data", "data", "{18097A15-34A8-F919-C174-49262A102236}"
	ProjectSection(SolutionItems) = preProject
		Frontend\src\app\data\page.js = Frontend\src\app\data\page.js
		Frontend\src\app\data\data.test.js = Frontend\src\app\data\data.test.js
	EndProjectSection
EndProject
Project("{2150E333-8FDC-42A3-9474-1A3956D46DE8}") = "logo", "logo", "{29C71E81-0F56-112B-E97D-F6CA6402E67F}"
	ProjectSection(SolutionItems) = preProject
		Frontend\src\components\logo\logo.css = Frontend\src\components\logo\logo.css
		Frontend\src\components\logo\logo.js = Frontend\src\components\logo\logo.js
		Frontend\src\components\logo\logo.test.js = Frontend\src\components\logo\logo.test.js
	EndProjectSection
EndProject
Project("{2150E333-8FDC-42A3-9474-1A3956D46DE8}") = "navigation", "navigation", "{3399E8A6-E54D-9FC7-2A49-81375B3AD1DE}"
	ProjectSection(SolutionItems) = preProject
		Frontend\src\components\navigation\navigation.css = Frontend\src\components\navigation\navigation.css
		Frontend\src\components\navigation\navigation.js = Frontend\src\components\navigation\navigation.js
		Frontend\src\components\navigation\navigation.test.js = Frontend\src\components\navigation\navigation.test.js
	EndProjectSection
EndProject
Project("{2150E333-8FDC-42A3-9474-1A3956D46DE8}") = "user", "user", "{D7FD41AC-78C7-AF62-5728-5D2A31DE3246}"
	ProjectSection(SolutionItems) = preProject
		Frontend\src\components\user\user.css = Frontend\src\components\user\user.css
		Frontend\src\components\user\user.js = Frontend\src\components\user\user.js
		Frontend\src\components\user\user.test.js = Frontend\src\components\user\user.test.js
	EndProjectSection
EndProject
Project("{2150E333-8FDC-42A3-9474-1A3956D46DE8}") = "header", "header", "{3F2A2B73-8306-CC13-97B8-83639F89A1A0}"
	ProjectSection(SolutionItems) = preProject
		Frontend\src\components\header\header.css = Frontend\src\components\header\header.css
		Frontend\src\components\header\header.js = Frontend\src\components\header\header.js
		Frontend\src\components\header\header.test.js = Frontend\src\components\header\header.test.js
	EndProjectSection
EndProject
Project("{2150E333-8FDC-42A3-9474-1A3956D46DE8}") = "table", "table", "{C8277E73-20AA-AFC2-DAC0-0615E5B8CA3B}"
	ProjectSection(SolutionItems) = preProject
		Frontend\src\components\table\table.css = Frontend\src\components\table\table.css
		Frontend\src\components\table\table.js = Frontend\src\components\table\table.js
		Frontend\src\components\table\table.test.js = Frontend\src\components\table\table.test.js
	EndProjectSection
EndProject
Project("{2150E333-8FDC-42A3-9474-1A3956D46DE8}") = "error", "error", "{3DBBD5FA-6711-76AD-5A63-E4C88D331BB8}"
	ProjectSection(SolutionItems) = preProject
		Frontend\src\app\error\error.css = Frontend\src\app\error\error.css
		Frontend\src\app\error\page.js = Frontend\src\app\error\page.js
		Frontend\src\app\error\error.test.js = Frontend\src\app\error\error.test.js
	EndProjectSection
EndProject
Global
	GlobalSection(SolutionConfigurationPlatforms) = preSolution
		Debug|Any CPU = Debug|Any CPU
		Release|Any CPU = Release|Any CPU
	EndGlobalSection
	GlobalSection(ProjectConfigurationPlatforms) = postSolution
		{CC89FED2-D3F9-4A8D-B12A-AD13FA4677C5}.Debug|Any CPU.ActiveCfg = Debug|Any CPU
		{CC89FED2-D3F9-4A8D-B12A-AD13FA4677C5}.Debug|Any CPU.Build.0 = Debug|Any CPU
		{CC89FED2-D3F9-4A8D-B12A-AD13FA4677C5}.Release|Any CPU.ActiveCfg = Release|Any CPU
		{CC89FED2-D3F9-4A8D-B12A-AD13FA4677C5}.Release|Any CPU.Build.0 = Release|Any CPU
		{CCE5056A-15A2-42A5-822A-214CF2C7B1E9}.Debug|Any CPU.ActiveCfg = Debug|Any CPU
		{CCE5056A-15A2-42A5-822A-214CF2C7B1E9}.Debug|Any CPU.Build.0 = Debug|Any CPU
		{CCE5056A-15A2-42A5-822A-214CF2C7B1E9}.Release|Any CPU.ActiveCfg = Release|Any CPU
		{CCE5056A-15A2-42A5-822A-214CF2C7B1E9}.Release|Any CPU.Build.0 = Release|Any CPU
	EndGlobalSection
	GlobalSection(SolutionProperties) = preSolution
		HideSolutionNode = FALSE
	EndGlobalSection
	GlobalSection(NestedProjects) = preSolution
		{527D5226-F8A7-0BC6-A2BD-D8FFFC6D9DE8} = {CE609670-85B9-0D16-FB54-ED063D5D8A6D}
		{9D57A4F1-8CAA-7E72-5CD5-B59A3A5D9243} = {527D5226-F8A7-0BC6-A2BD-D8FFFC6D9DE8}
		{E40BF17A-E631-09D5-7889-66BEE0F9AB0F} = {CE609670-85B9-0D16-FB54-ED063D5D8A6D}
		{473DBFEA-15FA-F0EA-F5D5-A40580B99B2C} = {E40BF17A-E631-09D5-7889-66BEE0F9AB0F}
		{7F4E7B0B-D091-1114-8370-3B0E13EF6E7B} = {473DBFEA-15FA-F0EA-F5D5-A40580B99B2C}
		{604EB281-7C31-2CC7-954C-96AC0DDB80EA} = {E40BF17A-E631-09D5-7889-66BEE0F9AB0F}
		{E23087C1-201B-93A3-93E6-98D4B96EDAE9} = {E40BF17A-E631-09D5-7889-66BEE0F9AB0F}
		{9159222C-0952-798F-CDA3-0CD0071FCC11} = {527D5226-F8A7-0BC6-A2BD-D8FFFC6D9DE8}
		{E465D6D2-C885-0635-1610-27E66DD8F990} = {E23087C1-201B-93A3-93E6-98D4B96EDAE9}
		{278C497F-0FCF-5827-A6A4-63674E57A7DE} = {473DBFEA-15FA-F0EA-F5D5-A40580B99B2C}
		{18097A15-34A8-F919-C174-49262A102236} = {473DBFEA-15FA-F0EA-F5D5-A40580B99B2C}
		{29C71E81-0F56-112B-E97D-F6CA6402E67F} = {E23087C1-201B-93A3-93E6-98D4B96EDAE9}
		{3399E8A6-E54D-9FC7-2A49-81375B3AD1DE} = {E23087C1-201B-93A3-93E6-98D4B96EDAE9}
		{D7FD41AC-78C7-AF62-5728-5D2A31DE3246} = {E23087C1-201B-93A3-93E6-98D4B96EDAE9}
		{3F2A2B73-8306-CC13-97B8-83639F89A1A0} = {E23087C1-201B-93A3-93E6-98D4B96EDAE9}
		{C8277E73-20AA-AFC2-DAC0-0615E5B8CA3B} = {E23087C1-201B-93A3-93E6-98D4B96EDAE9}
		{3DBBD5FA-6711-76AD-5A63-E4C88D331BB8} = {473DBFEA-15FA-F0EA-F5D5-A40580B99B2C}
	EndGlobalSection
EndGlobal
